
Microsoft Visual Studio Solution File, Format Version 12.00
# Visual Studio 15
Project("{FAE04EC0-301F-11D3-BF4B-00C04F79EFBC}") = "Assembly-CSharp", "Assembly-CSharp.csproj", "{00C37416-C7E0-C27B-3050-D91B657EBA81}"
EndProject
Project("{FAE04EC0-301F-11D3-BF4B-00C04F79EFBC}") = "Assembly-CSharp-Editor", "Assembly-CSharp-Editor.csproj", "{73415EB2-B1B0-CED7-24F6-F39E6903C20D}"
EndProject
Global
	GlobalSection(SolutionConfigurationPlatforms) = preSolution
		Debug|Any CPU = Debug|Any CPU
		Release|Any CPU = Release|Any CPU
	EndGlobalSection
	GlobalSection(ProjectConfigurationPlatforms) = postSolution
		{00C37416-C7E0-C27B-3050-D91B657EBA81}.Debug|Any CPU.ActiveCfg = Debug|Any CPU
		{00C37416-C7E0-C27B-3050-D91B657EBA81}.Debug|Any CPU.Build.0 = Debug|Any CPU
		{00C37416-C7E0-C27B-3050-D91B657EBA81}.Release|Any CPU.ActiveCfg = Release|Any CPU
		{00C37416-C7E0-C27B-3050-D91B657EBA81}.Release|Any CPU.Build.0 = Release|Any CPU
		{73415EB2-B1B0-CED7-24F6-F39E6903C20D}.Debug|Any CPU.ActiveCfg = Debug|Any CPU
		{73415EB2-B1B0-CED7-24F6-F39E6903C20D}.Debug|Any CPU.Build.0 = Debug|Any CPU
		{73415EB2-B1B0-CED7-24F6-F39E6903C20D}.Release|Any CPU.ActiveCfg = Release|Any CPU
		{73415EB2-B1B0-CED7-24F6-F39E6903C20D}.Release|Any CPU.Build.0 = Release|Any CPU
	EndGlobalSection
	GlobalSection(SolutionProperties) = preSolution
		HideSolutionNode = FALSE
	EndGlobalSection
EndGlobal
