
Microsoft Visual Studio Solution File, Format Version 12.00
# Visual Studio 15
Project("{FAE04EC0-301F-11D3-BF4B-00C04F79EFBC}") = "Assembly-CSharp", "Assembly-CSharp.csproj", "{2A924A7C-E451-ED1A-4566-45E45C19CFEC}"
EndProject
Project("{FAE04EC0-301F-11D3-BF4B-00C04F79EFBC}") = "Oculus.VR", "Oculus.VR.csproj", "{2F2305E7-674F-1D44-BE4E-FF342FCD94C0}"
EndProject
Project("{FAE04EC0-301F-11D3-BF4B-00C04F79EFBC}") = "Assembly-CSharp-Editor", "Assembly-CSharp-Editor.csproj", "{63ADABFA-9F14-6FEA-79D4-CDB853DBF49F}"
EndProject
Project("{FAE04EC0-301F-11D3-BF4B-00C04F79EFBC}") = "Oculus.VR.Scripts.Editor", "Oculus.VR.Scripts.Editor.csproj", "{D28FE81C-E9D2-2E12-93A0-9289605DE0F5}"
EndProject
Project("{FAE04EC0-301F-11D3-BF4B-00C04F79EFBC}") = "Oculus.VR.Editor", "Oculus.VR.Editor.csproj", "{26F662AD-F304-3730-77E3-2F9DEFE0B20E}"
EndProject
Global
	GlobalSection(SolutionConfigurationPlatforms) = preSolution
		Debug|Any CPU = Debug|Any CPU
		Release|Any CPU = Release|Any CPU
	EndGlobalSection
	GlobalSection(ProjectConfigurationPlatforms) = postSolution
		{2A924A7C-E451-ED1A-4566-45E45C19CFEC}.Debug|Any CPU.ActiveCfg = Debug|Any CPU
		{2A924A7C-E451-ED1A-4566-45E45C19CFEC}.Debug|Any CPU.Build.0 = Debug|Any CPU
		{2A924A7C-E451-ED1A-4566-45E45C19CFEC}.Release|Any CPU.ActiveCfg = Release|Any CPU
		{2A924A7C-E451-ED1A-4566-45E45C19CFEC}.Release|Any CPU.Build.0 = Release|Any CPU
		{2F2305E7-674F-1D44-BE4E-FF342FCD94C0}.Debug|Any CPU.ActiveCfg = Debug|Any CPU
		{2F2305E7-674F-1D44-BE4E-FF342FCD94C0}.Debug|Any CPU.Build.0 = Debug|Any CPU
		{2F2305E7-674F-1D44-BE4E-FF342FCD94C0}.Release|Any CPU.ActiveCfg = Release|Any CPU
		{2F2305E7-674F-1D44-BE4E-FF342FCD94C0}.Release|Any CPU.Build.0 = Release|Any CPU
		{63ADABFA-9F14-6FEA-79D4-CDB853DBF49F}.Debug|Any CPU.ActiveCfg = Debug|Any CPU
		{63ADABFA-9F14-6FEA-79D4-CDB853DBF49F}.Debug|Any CPU.Build.0 = Debug|Any CPU
		{63ADABFA-9F14-6FEA-79D4-CDB853DBF49F}.Release|Any CPU.ActiveCfg = Release|Any CPU
		{63ADABFA-9F14-6FEA-79D4-CDB853DBF49F}.Release|Any CPU.Build.0 = Release|Any CPU
		{D28FE81C-E9D2-2E12-93A0-9289605DE0F5}.Debug|Any CPU.ActiveCfg = Debug|Any CPU
		{D28FE81C-E9D2-2E12-93A0-9289605DE0F5}.Debug|Any CPU.Build.0 = Debug|Any CPU
		{D28FE81C-E9D2-2E12-93A0-9289605DE0F5}.Release|Any CPU.ActiveCfg = Release|Any CPU
		{D28FE81C-E9D2-2E12-93A0-9289605DE0F5}.Release|Any CPU.Build.0 = Release|Any CPU
		{26F662AD-F304-3730-77E3-2F9DEFE0B20E}.Debug|Any CPU.ActiveCfg = Debug|Any CPU
		{26F662AD-F304-3730-77E3-2F9DEFE0B20E}.Debug|Any CPU.Build.0 = Debug|Any CPU
		{26F662AD-F304-3730-77E3-2F9DEFE0B20E}.Release|Any CPU.ActiveCfg = Release|Any CPU
		{26F662AD-F304-3730-77E3-2F9DEFE0B20E}.Release|Any CPU.Build.0 = Release|Any CPU
	EndGlobalSection
	GlobalSection(SolutionProperties) = preSolution
		HideSolutionNode = FALSE
	EndGlobalSection
EndGlobal
